
Microsoft Visual Studio Solution File, Format Version 12.00
# Visual Studio 15
VisualStudioVersion = 15.0.26124.0
MinimumVisualStudioVersion = 15.0.26124.0
Project("{FAE04EC0-301F-11D3-BF4B-00C04F79EFBC}") = "API", "API\API.csproj", "{EE982BFC-76B0-4BC9-B1FC-CC4C80997230}"
EndProject
Project("{FAE04EC0-301F-11D3-BF4B-00C04F79EFBC}") = "Core", "Core\Core.csproj", "{3064A6B6-0612-4AA3-834D-846D6F37454A}"
EndProject
Project("{FAE04EC0-301F-11D3-BF4B-00C04F79EFBC}") = "Infrastructure", "Infrastructure\Infrastructure.csproj", "{D761B952-1DF7-4B32-9EE7-2791D45F3413}"
EndProject
Global
	GlobalSection(SolutionConfigurationPlatforms) = preSolution
		Debug|Any CPU = Debug|Any CPU
		Debug|x64 = Debug|x64
		Debug|x86 = Debug|x86
		Release|Any CPU = Release|Any CPU
		Release|x64 = Release|x64
		Release|x86 = Release|x86
	EndGlobalSection
	GlobalSection(SolutionProperties) = preSolution
		HideSolutionNode = FALSE
	EndGlobalSection
	GlobalSection(ProjectConfigurationPlatforms) = postSolution
		{EE982BFC-76B0-4BC9-B1FC-CC4C80997230}.Debug|Any CPU.ActiveCfg = Debug|Any CPU
		{EE982BFC-76B0-4BC9-B1FC-CC4C80997230}.Debug|Any CPU.Build.0 = Debug|Any CPU
		{EE982BFC-76B0-4BC9-B1FC-CC4C80997230}.Debug|x64.ActiveCfg = Debug|Any CPU
		{EE982BFC-76B0-4BC9-B1FC-CC4C80997230}.Debug|x64.Build.0 = Debug|Any CPU
		{EE982BFC-76B0-4BC9-B1FC-CC4C80997230}.Debug|x86.ActiveCfg = Debug|Any CPU
		{EE982BFC-76B0-4BC9-B1FC-CC4C80997230}.Debug|x86.Build.0 = Debug|Any CPU
		{EE982BFC-76B0-4BC9-B1FC-CC4C80997230}.Release|Any CPU.ActiveCfg = Release|Any CPU
		{EE982BFC-76B0-4BC9-B1FC-CC4C80997230}.Release|Any CPU.Build.0 = Release|Any CPU
		{EE982BFC-76B0-4BC9-B1FC-CC4C80997230}.Release|x64.ActiveCfg = Release|Any CPU
		{EE982BFC-76B0-4BC9-B1FC-CC4C80997230}.Release|x64.Build.0 = Release|Any CPU
		{EE982BFC-76B0-4BC9-B1FC-CC4C80997230}.Release|x86.ActiveCfg = Release|Any CPU
		{EE982BFC-76B0-4BC9-B1FC-CC4C80997230}.Release|x86.Build.0 = Release|Any CPU
		{3064A6B6-0612-4AA3-834D-846D6F37454A}.Debug|Any CPU.ActiveCfg = Debug|Any CPU
		{3064A6B6-0612-4AA3-834D-846D6F37454A}.Debug|Any CPU.Build.0 = Debug|Any CPU
		{3064A6B6-0612-4AA3-834D-846D6F37454A}.Debug|x64.ActiveCfg = Debug|Any CPU
		{3064A6B6-0612-4AA3-834D-846D6F37454A}.Debug|x64.Build.0 = Debug|Any CPU
		{3064A6B6-0612-4AA3-834D-846D6F37454A}.Debug|x86.ActiveCfg = Debug|Any CPU
		{3064A6B6-0612-4AA3-834D-846D6F37454A}.Debug|x86.Build.0 = Debug|Any CPU
		{3064A6B6-0612-4AA3-834D-846D6F37454A}.Release|Any CPU.ActiveCfg = Release|Any CPU
		{3064A6B6-0612-4AA3-834D-846D6F37454A}.Release|Any CPU.Build.0 = Release|Any CPU
		{3064A6B6-0612-4AA3-834D-846D6F37454A}.Release|x64.ActiveCfg = Release|Any CPU
		{3064A6B6-0612-4AA3-834D-846D6F37454A}.Release|x64.Build.0 = Release|Any CPU
		{3064A6B6-0612-4AA3-834D-846D6F37454A}.Release|x86.ActiveCfg = Release|Any CPU
		{3064A6B6-0612-4AA3-834D-846D6F37454A}.Release|x86.Build.0 = Release|Any CPU
		{D761B952-1DF7-4B32-9EE7-2791D45F3413}.Debug|Any CPU.ActiveCfg = Debug|Any CPU
		{D761B952-1DF7-4B32-9EE7-2791D45F3413}.Debug|Any CPU.Build.0 = Debug|Any CPU
		{D761B952-1DF7-4B32-9EE7-2791D45F3413}.Debug|x64.ActiveCfg = Debug|Any CPU
		{D761B952-1DF7-4B32-9EE7-2791D45F3413}.Debug|x64.Build.0 = Debug|Any CPU
		{D761B952-1DF7-4B32-9EE7-2791D45F3413}.Debug|x86.ActiveCfg = Debug|Any CPU
		{D761B952-1DF7-4B32-9EE7-2791D45F3413}.Debug|x86.Build.0 = Debug|Any CPU
		{D761B952-1DF7-4B32-9EE7-2791D45F3413}.Release|Any CPU.ActiveCfg = Release|Any CPU
		{D761B952-1DF7-4B32-9EE7-2791D45F3413}.Release|Any CPU.Build.0 = Release|Any CPU
		{D761B952-1DF7-4B32-9EE7-2791D45F3413}.Release|x64.ActiveCfg = Release|Any CPU
		{D761B952-1DF7-4B32-9EE7-2791D45F3413}.Release|x64.Build.0 = Release|Any CPU
		{D761B952-1DF7-4B32-9EE7-2791D45F3413}.Release|x86.ActiveCfg = Release|Any CPU
		{D761B952-1DF7-4B32-9EE7-2791D45F3413}.Release|x86.Build.0 = Release|Any CPU
	EndGlobalSection
EndGlobal
